github.com/chakrit/go-bunyan v0.0.0-20140303180041-5a9b5e7b1765 h1:HUh++FEzizTfAmUDGMWSZaa8rrh2o4/Mley/RdNjHn8=
github.com/chakrit/go-bunyan v0.0.0-20140303180041-5a9b5e7b1765/go.mod h1:m9evZ3bBCZccBQE5sSXJHmUStUkXIoA3iLjyBmSzRwA=
github.com/dgrijalva/jwt-go v3.2.0+incompatible h1:7qlOGliEKZXTDg6OTjfoBKDXWrumCAMpl/TFQ4/5kLM=
github.com/dgrijalva/jwt-go v3.2.0+incompatible/go.mod h1:E3ru+11k8xSBh+hMPgOLZmtrrCbhqsmaPHjLKYnJCaQ=
github.com/garyburd/redigo v1.6.0 h1:0VruCpn7yAIIu7pWVClQC8wxCJEcG3nyzpMSHKi1PQc=
github.com/garyburd/redigo v1.6.0/go.mod h1:NR3MbYisc3/PwhQ00EMzDiPmrwpPxAn5GI05/YaO1SY=
github.com/indece-official/go-gousu v0.0.0-20200104030500-d2be13c6e32e h1:MBu5Z0NqjuV/ixd9WwPttCgrwHFWgbCRO8g4LCyJcpE=
github.com/indece-official/go-gousu v0.0.0-20200104030500-d2be13c6e32e/go.mod h1:PvTOtHo7xdWIlP6aEloCAmUOVytYFWD2E9Q8xkhmTT0=
github.com/namsral/flag v1.7.4-pre h1:b2ScHhoCUkbsq0d2C15Mv+VU8bl8hAXV8arnWiOHNZs=
github.com/namsral/flag v1.7.4-pre/go.mod h1:OXldTctbM6SWH1K899kPZcf65KxJiD7MsceFUpB5yDo=
